
Microsoft Visual Studio Solution File, Format Version 12.00
# Visual Studio 15
VisualStudioVersion = 15.0.28307.329
MinimumVisualStudioVersion = 10.0.40219.1
Project("{FAE04EC0-301F-11D3-BF4B-00C04F79EFBC}") = "PhotoTimer", "PhotoTimer\PhotoTimer.csproj", "{CA8DCB6D-4803-4621-9287-DBA5776DF2FF}"
EndProject
Project("{FAE04EC0-301F-11D3-BF4B-00C04F79EFBC}") = "DigitalInputTrigger", "DigitalInputTrigger\DigitalInputTrigger.csproj", "{5A4C0C9C-2A05-4E91-A872-763D79A06A9E}"
EndProject
Project("{FAE04EC0-301F-11D3-BF4B-00C04F79EFBC}") = "PhotoDigitalInputTrigger", "PhotoDigitalInputTrigger\PhotoDigitalInputTrigger.csproj", "{9FBFCB6A-7E43-48E8-A59A-2F2AE1056F2E}"
EndProject
Project("{FAE04EC0-301F-11D3-BF4B-00C04F79EFBC}") = "CustomVisionServiceDigitalInputTrigger", "CustomVisionServiceDigitalInputTrigger\CustomVisionServiceDigitalInputTrigger.csproj", "{8FEDCE9C-9EA7-472E-A0C0-B0836C131B98}"
EndProject
Project("{FAE04EC0-301F-11D3-BF4B-00C04F79EFBC}") = "PhotoDigitalInputTriggerAzureStorage", "PhotoDigitalInputTriggerAzureStorage\PhotoDigitalInputTriggerAzureStorage.csproj", "{7803B1BC-DAAE-4187-98A1-E87DDBECA129}"
EndProject
Project("{9A19103F-16F7-4668-BE54-9A1E7A4F7556}") = "AzureStorageImageEmailer.Net", "AzureStorageImageEmailer\AzureStorageImageEmailer.Net.csproj", "{B96AD80A-8D6A-4DEB-B88D-C0D56842AFA6}"
EndProject
Global
	GlobalSection(SolutionConfigurationPlatforms) = preSolution
		Debug|Any CPU = Debug|Any CPU
		Debug|ARM = Debug|ARM
		Debug|x64 = Debug|x64
		Debug|x86 = Debug|x86
		Release|Any CPU = Release|Any CPU
		Release|ARM = Release|ARM
		Release|x64 = Release|x64
		Release|x86 = Release|x86
	EndGlobalSection
	GlobalSection(ProjectConfigurationPlatforms) = postSolution
		{CA8DCB6D-4803-4621-9287-DBA5776DF2FF}.Debug|Any CPU.ActiveCfg = Debug|x86
		{CA8DCB6D-4803-4621-9287-DBA5776DF2FF}.Debug|ARM.ActiveCfg = Debug|ARM
		{CA8DCB6D-4803-4621-9287-DBA5776DF2FF}.Debug|ARM.Build.0 = Debug|ARM
		{CA8DCB6D-4803-4621-9287-DBA5776DF2FF}.Debug|ARM.Deploy.0 = Debug|ARM
		{CA8DCB6D-4803-4621-9287-DBA5776DF2FF}.Debug|x64.ActiveCfg = Debug|x64
		{CA8DCB6D-4803-4621-9287-DBA5776DF2FF}.Debug|x64.Build.0 = Debug|x64
		{CA8DCB6D-4803-4621-9287-DBA5776DF2FF}.Debug|x64.Deploy.0 = Debug|x64
		{CA8DCB6D-4803-4621-9287-DBA5776DF2FF}.Debug|x86.ActiveCfg = Debug|x86
		{CA8DCB6D-4803-4621-9287-DBA5776DF2FF}.Debug|x86.Build.0 = Debug|x86
		{CA8DCB6D-4803-4621-9287-DBA5776DF2FF}.Debug|x86.Deploy.0 = Debug|x86
		{CA8DCB6D-4803-4621-9287-DBA5776DF2FF}.Release|Any CPU.ActiveCfg = Release|x86
		{CA8DCB6D-4803-4621-9287-DBA5776DF2FF}.Release|ARM.ActiveCfg = Release|ARM
		{CA8DCB6D-4803-4621-9287-DBA5776DF2FF}.Release|ARM.Build.0 = Release|ARM
		{CA8DCB6D-4803-4621-9287-DBA5776DF2FF}.Release|ARM.Deploy.0 = Release|ARM
		{CA8DCB6D-4803-4621-9287-DBA5776DF2FF}.Release|x64.ActiveCfg = Release|x64
		{CA8DCB6D-4803-4621-9287-DBA5776DF2FF}.Release|x64.Build.0 = Release|x64
		{CA8DCB6D-4803-4621-9287-DBA5776DF2FF}.Release|x64.Deploy.0 = Release|x64
		{CA8DCB6D-4803-4621-9287-DBA5776DF2FF}.Release|x86.ActiveCfg = Release|x86
		{CA8DCB6D-4803-4621-9287-DBA5776DF2FF}.Release|x86.Build.0 = Release|x86
		{CA8DCB6D-4803-4621-9287-DBA5776DF2FF}.Release|x86.Deploy.0 = Release|x86
		{5A4C0C9C-2A05-4E91-A872-763D79A06A9E}.Debug|Any CPU.ActiveCfg = Debug|x86
		{5A4C0C9C-2A05-4E91-A872-763D79A06A9E}.Debug|ARM.ActiveCfg = Debug|ARM
		{5A4C0C9C-2A05-4E91-A872-763D79A06A9E}.Debug|ARM.Build.0 = Debug|ARM
		{5A4C0C9C-2A05-4E91-A872-763D79A06A9E}.Debug|ARM.Deploy.0 = Debug|ARM
		{5A4C0C9C-2A05-4E91-A872-763D79A06A9E}.Debug|x64.ActiveCfg = Debug|x64
		{5A4C0C9C-2A05-4E91-A872-763D79A06A9E}.Debug|x64.Build.0 = Debug|x64
		{5A4C0C9C-2A05-4E91-A872-763D79A06A9E}.Debug|x64.Deploy.0 = Debug|x64
		{5A4C0C9C-2A05-4E91-A872-763D79A06A9E}.Debug|x86.ActiveCfg = Debug|x86
		{5A4C0C9C-2A05-4E91-A872-763D79A06A9E}.Debug|x86.Build.0 = Debug|x86
		{5A4C0C9C-2A05-4E91-A872-763D79A06A9E}.Debug|x86.Deploy.0 = Debug|x86
		{5A4C0C9C-2A05-4E91-A872-763D79A06A9E}.Release|Any CPU.ActiveCfg = Release|x86
		{5A4C0C9C-2A05-4E91-A872-763D79A06A9E}.Release|ARM.ActiveCfg = Release|ARM
		{5A4C0C9C-2A05-4E91-A872-763D79A06A9E}.Release|ARM.Build.0 = Release|ARM
		{5A4C0C9C-2A05-4E91-A872-763D79A06A9E}.Release|ARM.Deploy.0 = Release|ARM
		{5A4C0C9C-2A05-4E91-A872-763D79A06A9E}.Release|x64.ActiveCfg = Release|x64
		{5A4C0C9C-2A05-4E91-A872-763D79A06A9E}.Release|x64.Build.0 = Release|x64
		{5A4C0C9C-2A05-4E91-A872-763D79A06A9E}.Release|x64.Deploy.0 = Release|x64
		{5A4C0C9C-2A05-4E91-A872-763D79A06A9E}.Release|x86.ActiveCfg = Release|x86
		{5A4C0C9C-2A05-4E91-A872-763D79A06A9E}.Release|x86.Build.0 = Release|x86
		{5A4C0C9C-2A05-4E91-A872-763D79A06A9E}.Release|x86.Deploy.0 = Release|x86
		{9FBFCB6A-7E43-48E8-A59A-2F2AE1056F2E}.Debug|Any CPU.ActiveCfg = Debug|x86
		{9FBFCB6A-7E43-48E8-A59A-2F2AE1056F2E}.Debug|ARM.ActiveCfg = Debug|ARM
		{9FBFCB6A-7E43-48E8-A59A-2F2AE1056F2E}.Debug|ARM.Build.0 = Debug|ARM
		{9FBFCB6A-7E43-48E8-A59A-2F2AE1056F2E}.Debug|ARM.Deploy.0 = Debug|ARM
		{9FBFCB6A-7E43-48E8-A59A-2F2AE1056F2E}.Debug|x64.ActiveCfg = Debug|x64
		{9FBFCB6A-7E43-48E8-A59A-2F2AE1056F2E}.Debug|x64.Build.0 = Debug|x64
		{9FBFCB6A-7E43-48E8-A59A-2F2AE1056F2E}.Debug|x64.Deploy.0 = Debug|x64
		{9FBFCB6A-7E43-48E8-A59A-2F2AE1056F2E}.Debug|x86.ActiveCfg = Debug|x86
		{9FBFCB6A-7E43-48E8-A59A-2F2AE1056F2E}.Debug|x86.Build.0 = Debug|x86
		{9FBFCB6A-7E43-48E8-A59A-2F2AE1056F2E}.Debug|x86.Deploy.0 = Debug|x86
		{9FBFCB6A-7E43-48E8-A59A-2F2AE1056F2E}.Release|Any CPU.ActiveCfg = Release|x86
		{9FBFCB6A-7E43-48E8-A59A-2F2AE1056F2E}.Release|ARM.ActiveCfg = Release|ARM
		{9FBFCB6A-7E43-48E8-A59A-2F2AE1056F2E}.Release|ARM.Build.0 = Release|ARM
		{9FBFCB6A-7E43-48E8-A59A-2F2AE1056F2E}.Release|ARM.Deploy.0 = Release|ARM
		{9FBFCB6A-7E43-48E8-A59A-2F2AE1056F2E}.Release|x64.ActiveCfg = Release|x64
		{9FBFCB6A-7E43-48E8-A59A-2F2AE1056F2E}.Release|x64.Build.0 = Release|x64
		{9FBFCB6A-7E43-48E8-A59A-2F2AE1056F2E}.Release|x64.Deploy.0 = Release|x64
		{9FBFCB6A-7E43-48E8-A59A-2F2AE1056F2E}.Release|x86.ActiveCfg = Release|x86
		{9FBFCB6A-7E43-48E8-A59A-2F2AE1056F2E}.Release|x86.Build.0 = Release|x86
		{9FBFCB6A-7E43-48E8-A59A-2F2AE1056F2E}.Release|x86.Deploy.0 = Release|x86
		{8FEDCE9C-9EA7-472E-A0C0-B0836C131B98}.Debug|Any CPU.ActiveCfg = Debug|x86
		{8FEDCE9C-9EA7-472E-A0C0-B0836C131B98}.Debug|ARM.ActiveCfg = Debug|ARM
		{8FEDCE9C-9EA7-472E-A0C0-B0836C131B98}.Debug|ARM.Build.0 = Debug|ARM
		{8FEDCE9C-9EA7-472E-A0C0-B0836C131B98}.Debug|ARM.Deploy.0 = Debug|ARM
		{8FEDCE9C-9EA7-472E-A0C0-B0836C131B98}.Debug|x64.ActiveCfg = Debug|x64
		{8FEDCE9C-9EA7-472E-A0C0-B0836C131B98}.Debug|x64.Build.0 = Debug|x64
		{8FEDCE9C-9EA7-472E-A0C0-B0836C131B98}.Debug|x64.Deploy.0 = Debug|x64
		{8FEDCE9C-9EA7-472E-A0C0-B0836C131B98}.Debug|x86.ActiveCfg = Debug|x86
		{8FEDCE9C-9EA7-472E-A0C0-B0836C131B98}.Debug|x86.Build.0 = Debug|x86
		{8FEDCE9C-9EA7-472E-A0C0-B0836C131B98}.Debug|x86.Deploy.0 = Debug|x86
		{8FEDCE9C-9EA7-472E-A0C0-B0836C131B98}.Release|Any CPU.ActiveCfg = Release|x86
		{8FEDCE9C-9EA7-472E-A0C0-B0836C131B98}.Release|ARM.ActiveCfg = Release|ARM
		{8FEDCE9C-9EA7-472E-A0C0-B0836C131B98}.Release|ARM.Build.0 = Release|ARM
		{8FEDCE9C-9EA7-472E-A0C0-B0836C131B98}.Release|ARM.Deploy.0 = Release|ARM
		{8FEDCE9C-9EA7-472E-A0C0-B0836C131B98}.Release|x64.ActiveCfg = Release|x64
		{8FEDCE9C-9EA7-472E-A0C0-B0836C131B98}.Release|x64.Build.0 = Release|x64
		{8FEDCE9C-9EA7-472E-A0C0-B0836C131B98}.Release|x64.Deploy.0 = Release|x64
		{8FEDCE9C-9EA7-472E-A0C0-B0836C131B98}.Release|x86.ActiveCfg = Release|x86
		{8FEDCE9C-9EA7-472E-A0C0-B0836C131B98}.Release|x86.Build.0 = Release|x86
		{8FEDCE9C-9EA7-472E-A0C0-B0836C131B98}.Release|x86.Deploy.0 = Release|x86
		{7803B1BC-DAAE-4187-98A1-E87DDBECA129}.Debug|Any CPU.ActiveCfg = Debug|x86
		{7803B1BC-DAAE-4187-98A1-E87DDBECA129}.Debug|ARM.ActiveCfg = Debug|ARM
		{7803B1BC-DAAE-4187-98A1-E87DDBECA129}.Debug|ARM.Build.0 = Debug|ARM
		{7803B1BC-DAAE-4187-98A1-E87DDBECA129}.Debug|ARM.Deploy.0 = Debug|ARM
		{7803B1BC-DAAE-4187-98A1-E87DDBECA129}.Debug|x64.ActiveCfg = Debug|x64
		{7803B1BC-DAAE-4187-98A1-E87DDBECA129}.Debug|x64.Build.0 = Debug|x64
		{7803B1BC-DAAE-4187-98A1-E87DDBECA129}.Debug|x64.Deploy.0 = Debug|x64
		{7803B1BC-DAAE-4187-98A1-E87DDBECA129}.Debug|x86.ActiveCfg = Debug|x86
		{7803B1BC-DAAE-4187-98A1-E87DDBECA129}.Debug|x86.Build.0 = Debug|x86
		{7803B1BC-DAAE-4187-98A1-E87DDBECA129}.Debug|x86.Deploy.0 = Debug|x86
		{7803B1BC-DAAE-4187-98A1-E87DDBECA129}.Release|Any CPU.ActiveCfg = Release|x86
		{7803B1BC-DAAE-4187-98A1-E87DDBECA129}.Release|ARM.ActiveCfg = Release|ARM
		{7803B1BC-DAAE-4187-98A1-E87DDBECA129}.Release|ARM.Build.0 = Release|ARM
		{7803B1BC-DAAE-4187-98A1-E87DDBECA129}.Release|ARM.Deploy.0 = Release|ARM
		{7803B1BC-DAAE-4187-98A1-E87DDBECA129}.Release|x64.ActiveCfg = Release|x64
		{7803B1BC-DAAE-4187-98A1-E87DDBECA129}.Release|x64.Build.0 = Release|x64
		{7803B1BC-DAAE-4187-98A1-E87DDBECA129}.Release|x64.Deploy.0 = Release|x64
		{7803B1BC-DAAE-4187-98A1-E87DDBECA129}.Release|x86.ActiveCfg = Release|x86
		{7803B1BC-DAAE-4187-98A1-E87DDBECA129}.Release|x86.Build.0 = Release|x86
		{7803B1BC-DAAE-4187-98A1-E87DDBECA129}.Release|x86.Deploy.0 = Release|x86
		{B96AD80A-8D6A-4DEB-B88D-C0D56842AFA6}.Debug|Any CPU.ActiveCfg = Debug|Any CPU
		{B96AD80A-8D6A-4DEB-B88D-C0D56842AFA6}.Debug|Any CPU.Build.0 = Debug|Any CPU
		{B96AD80A-8D6A-4DEB-B88D-C0D56842AFA6}.Debug|ARM.ActiveCfg = Debug|Any CPU
		{B96AD80A-8D6A-4DEB-B88D-C0D56842AFA6}.Debug|ARM.Build.0 = Debug|Any CPU
		{B96AD80A-8D6A-4DEB-B88D-C0D56842AFA6}.Debug|x64.ActiveCfg = Debug|Any CPU
		{B96AD80A-8D6A-4DEB-B88D-C0D56842AFA6}.Debug|x64.Build.0 = Debug|Any CPU
		{B96AD80A-8D6A-4DEB-B88D-C0D56842AFA6}.Debug|x86.ActiveCfg = Debug|Any CPU
		{B96AD80A-8D6A-4DEB-B88D-C0D56842AFA6}.Debug|x86.Build.0 = Debug|Any CPU
		{B96AD80A-8D6A-4DEB-B88D-C0D56842AFA6}.Release|Any CPU.ActiveCfg = Release|Any CPU
		{B96AD80A-8D6A-4DEB-B88D-C0D56842AFA6}.Release|Any CPU.Build.0 = Release|Any CPU
		{B96AD80A-8D6A-4DEB-B88D-C0D56842AFA6}.Release|ARM.ActiveCfg = Release|Any CPU
		{B96AD80A-8D6A-4DEB-B88D-C0D56842AFA6}.Release|ARM.Build.0 = Release|Any CPU
		{B96AD80A-8D6A-4DEB-B88D-C0D56842AFA6}.Release|x64.ActiveCfg = Release|Any CPU
		{B96AD80A-8D6A-4DEB-B88D-C0D56842AFA6}.Release|x64.Build.0 = Release|Any CPU
		{B96AD80A-8D6A-4DEB-B88D-C0D56842AFA6}.Release|x86.ActiveCfg = Release|Any CPU
		{B96AD80A-8D6A-4DEB-B88D-C0D56842AFA6}.Release|x86.Build.0 = Release|Any CPU
	EndGlobalSection
	GlobalSection(SolutionProperties) = preSolution
		HideSolutionNode = FALSE
	EndGlobalSection
	GlobalSection(ExtensibilityGlobals) = postSolution
		SolutionGuid = {6CF2308B-65D0-40BC-BC18-76BE7374A208}
	EndGlobalSection
EndGlobal
