
Microsoft Visual Studio Solution File, Format Version 12.00
# Visual Studio 15
VisualStudioVersion = 15.0.28307.329
MinimumVisualStudioVersion = 10.0.40219.1
Project("{FAE04EC0-301F-11D3-BF4B-00C04F79EFBC}") = "PhotoTimer", "PhotoTimer\PhotoTimer.csproj", "{CA8DCB6D-4803-4621-9287-DBA5776DF2FF}"
EndProject
Project("{FAE04EC0-301F-11D3-BF4B-00C04F79EFBC}") = "DigitalInputTrigger", "DigitalInputTrigger\DigitalInputTrigger.csproj", "{5A4C0C9C-2A05-4E91-A872-763D79A06A9E}"
EndProject
Project("{FAE04EC0-301F-11D3-BF4B-00C04F79EFBC}") = "PhotoDigitalInputTrigger", "PhotoDigitalInputTrigger\PhotoDigitalInputTrigger.csproj", "{9FBFCB6A-7E43-48E8-A59A-2F2AE1056F2E}"
EndProject
Project("{FAE04EC0-301F-11D3-BF4B-00C04F79EFBC}") = "PhotoDigitalInputTriggerAzureStorage", "PhotoDigitalInputTriggerAzureStorage\PhotoDigitalInputTriggerAzureStorage.csproj", "{7803B1BC-DAAE-4187-98A1-E87DDBECA129}"
EndProject
Project("{9A19103F-16F7-4668-BE54-9A1E7A4F7556}") = "AzureStorageImageEmailer.Net", "AzureStorageImageEmailer\AzureStorageImageEmailer.Net.csproj", "{B96AD80A-8D6A-4DEB-B88D-C0D56842AFA6}"
EndProject
Project("{FAE04EC0-301F-11D3-BF4B-00C04F79EFBC}") = "PhotoTimerTriggerAzureStorage", "PhotoTimerTriggerAzureStorage\PhotoTimerTriggerAzureStorage.csproj", "{777F77E1-8F7A-4074-A2A9-FA6378072B81}"
EndProject
Project("{FAE04EC0-301F-11D3-BF4B-00C04F79EFBC}") = "PhotoDigitalInputTriggerLocalStorage", "PhotoDigitalInputTriggerLocalStorage\PhotoDigitalInputTriggerLocalStorage.csproj", "{BC2CE56A-95FB-4F66-9311-414637D39F5C}"
EndProject
Project("{FAE04EC0-301F-11D3-BF4B-00C04F79EFBC}") = "PhotoTimerTriggerLocalStorage", "PhotoTimerTriggerLocalStorage\PhotoTimerTriggerLocalStorage.csproj", "{92CBDD9C-14E5-490D-8CF9-698889956E8E}"
EndProject
Project("{FAE04EC0-301F-11D3-BF4B-00C04F79EFBC}") = "PhotoTimerTriggerAzureIoTHubStorage", "PhotoTimerTriggerAzureIoTHubStorage\PhotoTimerTriggerAzureIoTHubStorage.csproj", "{7A23F04D-7506-47F5-86E7-AA7B6DA0E8E6}"
EndProject
Project("{FAE04EC0-301F-11D3-BF4B-00C04F79EFBC}") = "CognitiveServicesComputerVision", "CognitiveServicesComputerVision\CognitiveServicesComputerVision.csproj", "{DD7BBD87-D648-46D6-91A3-FD5B85A507B5}"
EndProject
Project("{FAE04EC0-301F-11D3-BF4B-00C04F79EFBC}") = "CognitiveServicesCustomVision", "CognitiveServicesCustomVision\CognitiveServicesCustomVision.csproj", "{690B658C-FE43-4A1B-9A9E-25884E9323D4}"
EndProject
Project("{FAE04EC0-301F-11D3-BF4B-00C04F79EFBC}") = "CognitiveServicesFace", "CognitiveServicesFace\CognitiveServicesFace.csproj", "{5AABE215-F0E7-4FAE-9D7A-7E80FC33BECD}"
EndProject
Global
	GlobalSection(SolutionConfigurationPlatforms) = preSolution
		Debug|Any CPU = Debug|Any CPU
		Debug|ARM = Debug|ARM
		Debug|x64 = Debug|x64
		Debug|x86 = Debug|x86
		Release|Any CPU = Release|Any CPU
		Release|ARM = Release|ARM
		Release|x64 = Release|x64
		Release|x86 = Release|x86
	EndGlobalSection
	GlobalSection(ProjectConfigurationPlatforms) = postSolution
		{CA8DCB6D-4803-4621-9287-DBA5776DF2FF}.Debug|Any CPU.ActiveCfg = Debug|x86
		{CA8DCB6D-4803-4621-9287-DBA5776DF2FF}.Debug|ARM.ActiveCfg = Debug|ARM
		{CA8DCB6D-4803-4621-9287-DBA5776DF2FF}.Debug|ARM.Build.0 = Debug|ARM
		{CA8DCB6D-4803-4621-9287-DBA5776DF2FF}.Debug|ARM.Deploy.0 = Debug|ARM
		{CA8DCB6D-4803-4621-9287-DBA5776DF2FF}.Debug|x64.ActiveCfg = Debug|x64
		{CA8DCB6D-4803-4621-9287-DBA5776DF2FF}.Debug|x64.Build.0 = Debug|x64
		{CA8DCB6D-4803-4621-9287-DBA5776DF2FF}.Debug|x64.Deploy.0 = Debug|x64
		{CA8DCB6D-4803-4621-9287-DBA5776DF2FF}.Debug|x86.ActiveCfg = Debug|x86
		{CA8DCB6D-4803-4621-9287-DBA5776DF2FF}.Debug|x86.Build.0 = Debug|x86
		{CA8DCB6D-4803-4621-9287-DBA5776DF2FF}.Debug|x86.Deploy.0 = Debug|x86
		{CA8DCB6D-4803-4621-9287-DBA5776DF2FF}.Release|Any CPU.ActiveCfg = Release|x86
		{CA8DCB6D-4803-4621-9287-DBA5776DF2FF}.Release|ARM.ActiveCfg = Release|ARM
		{CA8DCB6D-4803-4621-9287-DBA5776DF2FF}.Release|ARM.Build.0 = Release|ARM
		{CA8DCB6D-4803-4621-9287-DBA5776DF2FF}.Release|ARM.Deploy.0 = Release|ARM
		{CA8DCB6D-4803-4621-9287-DBA5776DF2FF}.Release|x64.ActiveCfg = Release|x64
		{CA8DCB6D-4803-4621-9287-DBA5776DF2FF}.Release|x64.Build.0 = Release|x64
		{CA8DCB6D-4803-4621-9287-DBA5776DF2FF}.Release|x64.Deploy.0 = Release|x64
		{CA8DCB6D-4803-4621-9287-DBA5776DF2FF}.Release|x86.ActiveCfg = Release|x86
		{CA8DCB6D-4803-4621-9287-DBA5776DF2FF}.Release|x86.Build.0 = Release|x86
		{CA8DCB6D-4803-4621-9287-DBA5776DF2FF}.Release|x86.Deploy.0 = Release|x86
		{5A4C0C9C-2A05-4E91-A872-763D79A06A9E}.Debug|Any CPU.ActiveCfg = Debug|x86
		{5A4C0C9C-2A05-4E91-A872-763D79A06A9E}.Debug|ARM.ActiveCfg = Debug|ARM
		{5A4C0C9C-2A05-4E91-A872-763D79A06A9E}.Debug|ARM.Build.0 = Debug|ARM
		{5A4C0C9C-2A05-4E91-A872-763D79A06A9E}.Debug|ARM.Deploy.0 = Debug|ARM
		{5A4C0C9C-2A05-4E91-A872-763D79A06A9E}.Debug|x64.ActiveCfg = Debug|x64
		{5A4C0C9C-2A05-4E91-A872-763D79A06A9E}.Debug|x64.Build.0 = Debug|x64
		{5A4C0C9C-2A05-4E91-A872-763D79A06A9E}.Debug|x64.Deploy.0 = Debug|x64
		{5A4C0C9C-2A05-4E91-A872-763D79A06A9E}.Debug|x86.ActiveCfg = Debug|x86
		{5A4C0C9C-2A05-4E91-A872-763D79A06A9E}.Debug|x86.Build.0 = Debug|x86
		{5A4C0C9C-2A05-4E91-A872-763D79A06A9E}.Debug|x86.Deploy.0 = Debug|x86
		{5A4C0C9C-2A05-4E91-A872-763D79A06A9E}.Release|Any CPU.ActiveCfg = Release|x86
		{5A4C0C9C-2A05-4E91-A872-763D79A06A9E}.Release|ARM.ActiveCfg = Release|ARM
		{5A4C0C9C-2A05-4E91-A872-763D79A06A9E}.Release|ARM.Build.0 = Release|ARM
		{5A4C0C9C-2A05-4E91-A872-763D79A06A9E}.Release|ARM.Deploy.0 = Release|ARM
		{5A4C0C9C-2A05-4E91-A872-763D79A06A9E}.Release|x64.ActiveCfg = Release|x64
		{5A4C0C9C-2A05-4E91-A872-763D79A06A9E}.Release|x64.Build.0 = Release|x64
		{5A4C0C9C-2A05-4E91-A872-763D79A06A9E}.Release|x64.Deploy.0 = Release|x64
		{5A4C0C9C-2A05-4E91-A872-763D79A06A9E}.Release|x86.ActiveCfg = Release|x86
		{5A4C0C9C-2A05-4E91-A872-763D79A06A9E}.Release|x86.Build.0 = Release|x86
		{5A4C0C9C-2A05-4E91-A872-763D79A06A9E}.Release|x86.Deploy.0 = Release|x86
		{9FBFCB6A-7E43-48E8-A59A-2F2AE1056F2E}.Debug|Any CPU.ActiveCfg = Debug|x86
		{9FBFCB6A-7E43-48E8-A59A-2F2AE1056F2E}.Debug|ARM.ActiveCfg = Debug|ARM
		{9FBFCB6A-7E43-48E8-A59A-2F2AE1056F2E}.Debug|ARM.Build.0 = Debug|ARM
		{9FBFCB6A-7E43-48E8-A59A-2F2AE1056F2E}.Debug|ARM.Deploy.0 = Debug|ARM
		{9FBFCB6A-7E43-48E8-A59A-2F2AE1056F2E}.Debug|x64.ActiveCfg = Debug|x64
		{9FBFCB6A-7E43-48E8-A59A-2F2AE1056F2E}.Debug|x64.Build.0 = Debug|x64
		{9FBFCB6A-7E43-48E8-A59A-2F2AE1056F2E}.Debug|x64.Deploy.0 = Debug|x64
		{9FBFCB6A-7E43-48E8-A59A-2F2AE1056F2E}.Debug|x86.ActiveCfg = Debug|x86
		{9FBFCB6A-7E43-48E8-A59A-2F2AE1056F2E}.Debug|x86.Build.0 = Debug|x86
		{9FBFCB6A-7E43-48E8-A59A-2F2AE1056F2E}.Debug|x86.Deploy.0 = Debug|x86
		{9FBFCB6A-7E43-48E8-A59A-2F2AE1056F2E}.Release|Any CPU.ActiveCfg = Release|x86
		{9FBFCB6A-7E43-48E8-A59A-2F2AE1056F2E}.Release|ARM.ActiveCfg = Release|ARM
		{9FBFCB6A-7E43-48E8-A59A-2F2AE1056F2E}.Release|ARM.Build.0 = Release|ARM
		{9FBFCB6A-7E43-48E8-A59A-2F2AE1056F2E}.Release|ARM.Deploy.0 = Release|ARM
		{9FBFCB6A-7E43-48E8-A59A-2F2AE1056F2E}.Release|x64.ActiveCfg = Release|x64
		{9FBFCB6A-7E43-48E8-A59A-2F2AE1056F2E}.Release|x64.Build.0 = Release|x64
		{9FBFCB6A-7E43-48E8-A59A-2F2AE1056F2E}.Release|x64.Deploy.0 = Release|x64
		{9FBFCB6A-7E43-48E8-A59A-2F2AE1056F2E}.Release|x86.ActiveCfg = Release|x86
		{9FBFCB6A-7E43-48E8-A59A-2F2AE1056F2E}.Release|x86.Build.0 = Release|x86
		{9FBFCB6A-7E43-48E8-A59A-2F2AE1056F2E}.Release|x86.Deploy.0 = Release|x86
		{7803B1BC-DAAE-4187-98A1-E87DDBECA129}.Debug|Any CPU.ActiveCfg = Debug|x86
		{7803B1BC-DAAE-4187-98A1-E87DDBECA129}.Debug|ARM.ActiveCfg = Debug|ARM
		{7803B1BC-DAAE-4187-98A1-E87DDBECA129}.Debug|ARM.Build.0 = Debug|ARM
		{7803B1BC-DAAE-4187-98A1-E87DDBECA129}.Debug|ARM.Deploy.0 = Debug|ARM
		{7803B1BC-DAAE-4187-98A1-E87DDBECA129}.Debug|x64.ActiveCfg = Debug|x64
		{7803B1BC-DAAE-4187-98A1-E87DDBECA129}.Debug|x64.Build.0 = Debug|x64
		{7803B1BC-DAAE-4187-98A1-E87DDBECA129}.Debug|x64.Deploy.0 = Debug|x64
		{7803B1BC-DAAE-4187-98A1-E87DDBECA129}.Debug|x86.ActiveCfg = Debug|x86
		{7803B1BC-DAAE-4187-98A1-E87DDBECA129}.Debug|x86.Build.0 = Debug|x86
		{7803B1BC-DAAE-4187-98A1-E87DDBECA129}.Debug|x86.Deploy.0 = Debug|x86
		{7803B1BC-DAAE-4187-98A1-E87DDBECA129}.Release|Any CPU.ActiveCfg = Release|x86
		{7803B1BC-DAAE-4187-98A1-E87DDBECA129}.Release|ARM.ActiveCfg = Release|ARM
		{7803B1BC-DAAE-4187-98A1-E87DDBECA129}.Release|ARM.Build.0 = Release|ARM
		{7803B1BC-DAAE-4187-98A1-E87DDBECA129}.Release|ARM.Deploy.0 = Release|ARM
		{7803B1BC-DAAE-4187-98A1-E87DDBECA129}.Release|x64.ActiveCfg = Release|x64
		{7803B1BC-DAAE-4187-98A1-E87DDBECA129}.Release|x64.Build.0 = Release|x64
		{7803B1BC-DAAE-4187-98A1-E87DDBECA129}.Release|x64.Deploy.0 = Release|x64
		{7803B1BC-DAAE-4187-98A1-E87DDBECA129}.Release|x86.ActiveCfg = Release|x86
		{7803B1BC-DAAE-4187-98A1-E87DDBECA129}.Release|x86.Build.0 = Release|x86
		{7803B1BC-DAAE-4187-98A1-E87DDBECA129}.Release|x86.Deploy.0 = Release|x86
		{B96AD80A-8D6A-4DEB-B88D-C0D56842AFA6}.Debug|Any CPU.ActiveCfg = Debug|Any CPU
		{B96AD80A-8D6A-4DEB-B88D-C0D56842AFA6}.Debug|Any CPU.Build.0 = Debug|Any CPU
		{B96AD80A-8D6A-4DEB-B88D-C0D56842AFA6}.Debug|ARM.ActiveCfg = Debug|Any CPU
		{B96AD80A-8D6A-4DEB-B88D-C0D56842AFA6}.Debug|ARM.Build.0 = Debug|Any CPU
		{B96AD80A-8D6A-4DEB-B88D-C0D56842AFA6}.Debug|x64.ActiveCfg = Debug|Any CPU
		{B96AD80A-8D6A-4DEB-B88D-C0D56842AFA6}.Debug|x64.Build.0 = Debug|Any CPU
		{B96AD80A-8D6A-4DEB-B88D-C0D56842AFA6}.Debug|x86.ActiveCfg = Debug|Any CPU
		{B96AD80A-8D6A-4DEB-B88D-C0D56842AFA6}.Debug|x86.Build.0 = Debug|Any CPU
		{B96AD80A-8D6A-4DEB-B88D-C0D56842AFA6}.Release|Any CPU.ActiveCfg = Release|Any CPU
		{B96AD80A-8D6A-4DEB-B88D-C0D56842AFA6}.Release|Any CPU.Build.0 = Release|Any CPU
		{B96AD80A-8D6A-4DEB-B88D-C0D56842AFA6}.Release|ARM.ActiveCfg = Release|Any CPU
		{B96AD80A-8D6A-4DEB-B88D-C0D56842AFA6}.Release|ARM.Build.0 = Release|Any CPU
		{B96AD80A-8D6A-4DEB-B88D-C0D56842AFA6}.Release|x64.ActiveCfg = Release|Any CPU
		{B96AD80A-8D6A-4DEB-B88D-C0D56842AFA6}.Release|x64.Build.0 = Release|Any CPU
		{B96AD80A-8D6A-4DEB-B88D-C0D56842AFA6}.Release|x86.ActiveCfg = Release|Any CPU
		{B96AD80A-8D6A-4DEB-B88D-C0D56842AFA6}.Release|x86.Build.0 = Release|Any CPU
		{777F77E1-8F7A-4074-A2A9-FA6378072B81}.Debug|Any CPU.ActiveCfg = Debug|x86
		{777F77E1-8F7A-4074-A2A9-FA6378072B81}.Debug|ARM.ActiveCfg = Debug|ARM
		{777F77E1-8F7A-4074-A2A9-FA6378072B81}.Debug|ARM.Build.0 = Debug|ARM
		{777F77E1-8F7A-4074-A2A9-FA6378072B81}.Debug|ARM.Deploy.0 = Debug|ARM
		{777F77E1-8F7A-4074-A2A9-FA6378072B81}.Debug|x64.ActiveCfg = Debug|x64
		{777F77E1-8F7A-4074-A2A9-FA6378072B81}.Debug|x64.Build.0 = Debug|x64
		{777F77E1-8F7A-4074-A2A9-FA6378072B81}.Debug|x64.Deploy.0 = Debug|x64
		{777F77E1-8F7A-4074-A2A9-FA6378072B81}.Debug|x86.ActiveCfg = Debug|x86
		{777F77E1-8F7A-4074-A2A9-FA6378072B81}.Debug|x86.Build.0 = Debug|x86
		{777F77E1-8F7A-4074-A2A9-FA6378072B81}.Debug|x86.Deploy.0 = Debug|x86
		{777F77E1-8F7A-4074-A2A9-FA6378072B81}.Release|Any CPU.ActiveCfg = Release|x86
		{777F77E1-8F7A-4074-A2A9-FA6378072B81}.Release|ARM.ActiveCfg = Release|ARM
		{777F77E1-8F7A-4074-A2A9-FA6378072B81}.Release|ARM.Build.0 = Release|ARM
		{777F77E1-8F7A-4074-A2A9-FA6378072B81}.Release|ARM.Deploy.0 = Release|ARM
		{777F77E1-8F7A-4074-A2A9-FA6378072B81}.Release|x64.ActiveCfg = Release|x64
		{777F77E1-8F7A-4074-A2A9-FA6378072B81}.Release|x64.Build.0 = Release|x64
		{777F77E1-8F7A-4074-A2A9-FA6378072B81}.Release|x64.Deploy.0 = Release|x64
		{777F77E1-8F7A-4074-A2A9-FA6378072B81}.Release|x86.ActiveCfg = Release|x86
		{777F77E1-8F7A-4074-A2A9-FA6378072B81}.Release|x86.Build.0 = Release|x86
		{777F77E1-8F7A-4074-A2A9-FA6378072B81}.Release|x86.Deploy.0 = Release|x86
		{BC2CE56A-95FB-4F66-9311-414637D39F5C}.Debug|Any CPU.ActiveCfg = Debug|x86
		{BC2CE56A-95FB-4F66-9311-414637D39F5C}.Debug|ARM.ActiveCfg = Debug|ARM
		{BC2CE56A-95FB-4F66-9311-414637D39F5C}.Debug|ARM.Build.0 = Debug|ARM
		{BC2CE56A-95FB-4F66-9311-414637D39F5C}.Debug|ARM.Deploy.0 = Debug|ARM
		{BC2CE56A-95FB-4F66-9311-414637D39F5C}.Debug|x64.ActiveCfg = Debug|x64
		{BC2CE56A-95FB-4F66-9311-414637D39F5C}.Debug|x64.Build.0 = Debug|x64
		{BC2CE56A-95FB-4F66-9311-414637D39F5C}.Debug|x64.Deploy.0 = Debug|x64
		{BC2CE56A-95FB-4F66-9311-414637D39F5C}.Debug|x86.ActiveCfg = Debug|x86
		{BC2CE56A-95FB-4F66-9311-414637D39F5C}.Debug|x86.Build.0 = Debug|x86
		{BC2CE56A-95FB-4F66-9311-414637D39F5C}.Debug|x86.Deploy.0 = Debug|x86
		{BC2CE56A-95FB-4F66-9311-414637D39F5C}.Release|Any CPU.ActiveCfg = Release|x86
		{BC2CE56A-95FB-4F66-9311-414637D39F5C}.Release|ARM.ActiveCfg = Release|ARM
		{BC2CE56A-95FB-4F66-9311-414637D39F5C}.Release|ARM.Build.0 = Release|ARM
		{BC2CE56A-95FB-4F66-9311-414637D39F5C}.Release|ARM.Deploy.0 = Release|ARM
		{BC2CE56A-95FB-4F66-9311-414637D39F5C}.Release|x64.ActiveCfg = Release|x64
		{BC2CE56A-95FB-4F66-9311-414637D39F5C}.Release|x64.Build.0 = Release|x64
		{BC2CE56A-95FB-4F66-9311-414637D39F5C}.Release|x64.Deploy.0 = Release|x64
		{BC2CE56A-95FB-4F66-9311-414637D39F5C}.Release|x86.ActiveCfg = Release|x86
		{BC2CE56A-95FB-4F66-9311-414637D39F5C}.Release|x86.Build.0 = Release|x86
		{BC2CE56A-95FB-4F66-9311-414637D39F5C}.Release|x86.Deploy.0 = Release|x86
		{92CBDD9C-14E5-490D-8CF9-698889956E8E}.Debug|Any CPU.ActiveCfg = Debug|x86
		{92CBDD9C-14E5-490D-8CF9-698889956E8E}.Debug|ARM.ActiveCfg = Debug|ARM
		{92CBDD9C-14E5-490D-8CF9-698889956E8E}.Debug|ARM.Build.0 = Debug|ARM
		{92CBDD9C-14E5-490D-8CF9-698889956E8E}.Debug|ARM.Deploy.0 = Debug|ARM
		{92CBDD9C-14E5-490D-8CF9-698889956E8E}.Debug|x64.ActiveCfg = Debug|x64
		{92CBDD9C-14E5-490D-8CF9-698889956E8E}.Debug|x64.Build.0 = Debug|x64
		{92CBDD9C-14E5-490D-8CF9-698889956E8E}.Debug|x64.Deploy.0 = Debug|x64
		{92CBDD9C-14E5-490D-8CF9-698889956E8E}.Debug|x86.ActiveCfg = Debug|x86
		{92CBDD9C-14E5-490D-8CF9-698889956E8E}.Debug|x86.Build.0 = Debug|x86
		{92CBDD9C-14E5-490D-8CF9-698889956E8E}.Debug|x86.Deploy.0 = Debug|x86
		{92CBDD9C-14E5-490D-8CF9-698889956E8E}.Release|Any CPU.ActiveCfg = Release|x86
		{92CBDD9C-14E5-490D-8CF9-698889956E8E}.Release|ARM.ActiveCfg = Release|ARM
		{92CBDD9C-14E5-490D-8CF9-698889956E8E}.Release|ARM.Build.0 = Release|ARM
		{92CBDD9C-14E5-490D-8CF9-698889956E8E}.Release|ARM.Deploy.0 = Release|ARM
		{92CBDD9C-14E5-490D-8CF9-698889956E8E}.Release|x64.ActiveCfg = Release|x64
		{92CBDD9C-14E5-490D-8CF9-698889956E8E}.Release|x64.Build.0 = Release|x64
		{92CBDD9C-14E5-490D-8CF9-698889956E8E}.Release|x64.Deploy.0 = Release|x64
		{92CBDD9C-14E5-490D-8CF9-698889956E8E}.Release|x86.ActiveCfg = Release|x86
		{92CBDD9C-14E5-490D-8CF9-698889956E8E}.Release|x86.Build.0 = Release|x86
		{92CBDD9C-14E5-490D-8CF9-698889956E8E}.Release|x86.Deploy.0 = Release|x86
		{7A23F04D-7506-47F5-86E7-AA7B6DA0E8E6}.Debug|Any CPU.ActiveCfg = Debug|x86
		{7A23F04D-7506-47F5-86E7-AA7B6DA0E8E6}.Debug|ARM.ActiveCfg = Debug|ARM
		{7A23F04D-7506-47F5-86E7-AA7B6DA0E8E6}.Debug|ARM.Build.0 = Debug|ARM
		{7A23F04D-7506-47F5-86E7-AA7B6DA0E8E6}.Debug|ARM.Deploy.0 = Debug|ARM
		{7A23F04D-7506-47F5-86E7-AA7B6DA0E8E6}.Debug|x64.ActiveCfg = Debug|x64
		{7A23F04D-7506-47F5-86E7-AA7B6DA0E8E6}.Debug|x64.Build.0 = Debug|x64
		{7A23F04D-7506-47F5-86E7-AA7B6DA0E8E6}.Debug|x64.Deploy.0 = Debug|x64
		{7A23F04D-7506-47F5-86E7-AA7B6DA0E8E6}.Debug|x86.ActiveCfg = Debug|x86
		{7A23F04D-7506-47F5-86E7-AA7B6DA0E8E6}.Debug|x86.Build.0 = Debug|x86
		{7A23F04D-7506-47F5-86E7-AA7B6DA0E8E6}.Debug|x86.Deploy.0 = Debug|x86
		{7A23F04D-7506-47F5-86E7-AA7B6DA0E8E6}.Release|Any CPU.ActiveCfg = Release|x86
		{7A23F04D-7506-47F5-86E7-AA7B6DA0E8E6}.Release|ARM.ActiveCfg = Release|ARM
		{7A23F04D-7506-47F5-86E7-AA7B6DA0E8E6}.Release|ARM.Build.0 = Release|ARM
		{7A23F04D-7506-47F5-86E7-AA7B6DA0E8E6}.Release|ARM.Deploy.0 = Release|ARM
		{7A23F04D-7506-47F5-86E7-AA7B6DA0E8E6}.Release|x64.ActiveCfg = Release|x64
		{7A23F04D-7506-47F5-86E7-AA7B6DA0E8E6}.Release|x64.Build.0 = Release|x64
		{7A23F04D-7506-47F5-86E7-AA7B6DA0E8E6}.Release|x64.Deploy.0 = Release|x64
		{7A23F04D-7506-47F5-86E7-AA7B6DA0E8E6}.Release|x86.ActiveCfg = Release|x86
		{7A23F04D-7506-47F5-86E7-AA7B6DA0E8E6}.Release|x86.Build.0 = Release|x86
		{7A23F04D-7506-47F5-86E7-AA7B6DA0E8E6}.Release|x86.Deploy.0 = Release|x86
		{DD7BBD87-D648-46D6-91A3-FD5B85A507B5}.Debug|Any CPU.ActiveCfg = Debug|x86
		{DD7BBD87-D648-46D6-91A3-FD5B85A507B5}.Debug|ARM.ActiveCfg = Debug|ARM
		{DD7BBD87-D648-46D6-91A3-FD5B85A507B5}.Debug|ARM.Build.0 = Debug|ARM
		{DD7BBD87-D648-46D6-91A3-FD5B85A507B5}.Debug|ARM.Deploy.0 = Debug|ARM
		{DD7BBD87-D648-46D6-91A3-FD5B85A507B5}.Debug|x64.ActiveCfg = Debug|x64
		{DD7BBD87-D648-46D6-91A3-FD5B85A507B5}.Debug|x64.Build.0 = Debug|x64
		{DD7BBD87-D648-46D6-91A3-FD5B85A507B5}.Debug|x64.Deploy.0 = Debug|x64
		{DD7BBD87-D648-46D6-91A3-FD5B85A507B5}.Debug|x86.ActiveCfg = Debug|x86
		{DD7BBD87-D648-46D6-91A3-FD5B85A507B5}.Debug|x86.Build.0 = Debug|x86
		{DD7BBD87-D648-46D6-91A3-FD5B85A507B5}.Debug|x86.Deploy.0 = Debug|x86
		{DD7BBD87-D648-46D6-91A3-FD5B85A507B5}.Release|Any CPU.ActiveCfg = Release|x86
		{DD7BBD87-D648-46D6-91A3-FD5B85A507B5}.Release|ARM.ActiveCfg = Release|ARM
		{DD7BBD87-D648-46D6-91A3-FD5B85A507B5}.Release|ARM.Build.0 = Release|ARM
		{DD7BBD87-D648-46D6-91A3-FD5B85A507B5}.Release|ARM.Deploy.0 = Release|ARM
		{DD7BBD87-D648-46D6-91A3-FD5B85A507B5}.Release|x64.ActiveCfg = Release|x64
		{DD7BBD87-D648-46D6-91A3-FD5B85A507B5}.Release|x64.Build.0 = Release|x64
		{DD7BBD87-D648-46D6-91A3-FD5B85A507B5}.Release|x64.Deploy.0 = Release|x64
		{DD7BBD87-D648-46D6-91A3-FD5B85A507B5}.Release|x86.ActiveCfg = Release|x86
		{DD7BBD87-D648-46D6-91A3-FD5B85A507B5}.Release|x86.Build.0 = Release|x86
		{DD7BBD87-D648-46D6-91A3-FD5B85A507B5}.Release|x86.Deploy.0 = Release|x86
		{690B658C-FE43-4A1B-9A9E-25884E9323D4}.Debug|Any CPU.ActiveCfg = Debug|x86
		{690B658C-FE43-4A1B-9A9E-25884E9323D4}.Debug|ARM.ActiveCfg = Debug|ARM
		{690B658C-FE43-4A1B-9A9E-25884E9323D4}.Debug|ARM.Build.0 = Debug|ARM
		{690B658C-FE43-4A1B-9A9E-25884E9323D4}.Debug|ARM.Deploy.0 = Debug|ARM
		{690B658C-FE43-4A1B-9A9E-25884E9323D4}.Debug|x64.ActiveCfg = Debug|x64
		{690B658C-FE43-4A1B-9A9E-25884E9323D4}.Debug|x64.Build.0 = Debug|x64
		{690B658C-FE43-4A1B-9A9E-25884E9323D4}.Debug|x64.Deploy.0 = Debug|x64
		{690B658C-FE43-4A1B-9A9E-25884E9323D4}.Debug|x86.ActiveCfg = Debug|x86
		{690B658C-FE43-4A1B-9A9E-25884E9323D4}.Debug|x86.Build.0 = Debug|x86
		{690B658C-FE43-4A1B-9A9E-25884E9323D4}.Debug|x86.Deploy.0 = Debug|x86
		{690B658C-FE43-4A1B-9A9E-25884E9323D4}.Release|Any CPU.ActiveCfg = Release|x86
		{690B658C-FE43-4A1B-9A9E-25884E9323D4}.Release|ARM.ActiveCfg = Release|ARM
		{690B658C-FE43-4A1B-9A9E-25884E9323D4}.Release|ARM.Build.0 = Release|ARM
		{690B658C-FE43-4A1B-9A9E-25884E9323D4}.Release|ARM.Deploy.0 = Release|ARM
		{690B658C-FE43-4A1B-9A9E-25884E9323D4}.Release|x64.ActiveCfg = Release|x64
		{690B658C-FE43-4A1B-9A9E-25884E9323D4}.Release|x64.Build.0 = Release|x64
		{690B658C-FE43-4A1B-9A9E-25884E9323D4}.Release|x64.Deploy.0 = Release|x64
		{690B658C-FE43-4A1B-9A9E-25884E9323D4}.Release|x86.ActiveCfg = Release|x86
		{690B658C-FE43-4A1B-9A9E-25884E9323D4}.Release|x86.Build.0 = Release|x86
		{690B658C-FE43-4A1B-9A9E-25884E9323D4}.Release|x86.Deploy.0 = Release|x86
		{5AABE215-F0E7-4FAE-9D7A-7E80FC33BECD}.Debug|Any CPU.ActiveCfg = Debug|x86
		{5AABE215-F0E7-4FAE-9D7A-7E80FC33BECD}.Debug|ARM.ActiveCfg = Debug|ARM
		{5AABE215-F0E7-4FAE-9D7A-7E80FC33BECD}.Debug|ARM.Build.0 = Debug|ARM
		{5AABE215-F0E7-4FAE-9D7A-7E80FC33BECD}.Debug|ARM.Deploy.0 = Debug|ARM
		{5AABE215-F0E7-4FAE-9D7A-7E80FC33BECD}.Debug|x64.ActiveCfg = Debug|x64
		{5AABE215-F0E7-4FAE-9D7A-7E80FC33BECD}.Debug|x64.Build.0 = Debug|x64
		{5AABE215-F0E7-4FAE-9D7A-7E80FC33BECD}.Debug|x64.Deploy.0 = Debug|x64
		{5AABE215-F0E7-4FAE-9D7A-7E80FC33BECD}.Debug|x86.ActiveCfg = Debug|x86
		{5AABE215-F0E7-4FAE-9D7A-7E80FC33BECD}.Debug|x86.Build.0 = Debug|x86
		{5AABE215-F0E7-4FAE-9D7A-7E80FC33BECD}.Debug|x86.Deploy.0 = Debug|x86
		{5AABE215-F0E7-4FAE-9D7A-7E80FC33BECD}.Release|Any CPU.ActiveCfg = Release|x86
		{5AABE215-F0E7-4FAE-9D7A-7E80FC33BECD}.Release|ARM.ActiveCfg = Release|ARM
		{5AABE215-F0E7-4FAE-9D7A-7E80FC33BECD}.Release|ARM.Build.0 = Release|ARM
		{5AABE215-F0E7-4FAE-9D7A-7E80FC33BECD}.Release|ARM.Deploy.0 = Release|ARM
		{5AABE215-F0E7-4FAE-9D7A-7E80FC33BECD}.Release|x64.ActiveCfg = Release|x64
		{5AABE215-F0E7-4FAE-9D7A-7E80FC33BECD}.Release|x64.Build.0 = Release|x64
		{5AABE215-F0E7-4FAE-9D7A-7E80FC33BECD}.Release|x64.Deploy.0 = Release|x64
		{5AABE215-F0E7-4FAE-9D7A-7E80FC33BECD}.Release|x86.ActiveCfg = Release|x86
		{5AABE215-F0E7-4FAE-9D7A-7E80FC33BECD}.Release|x86.Build.0 = Release|x86
		{5AABE215-F0E7-4FAE-9D7A-7E80FC33BECD}.Release|x86.Deploy.0 = Release|x86
	EndGlobalSection
	GlobalSection(SolutionProperties) = preSolution
		HideSolutionNode = FALSE
	EndGlobalSection
	GlobalSection(ExtensibilityGlobals) = postSolution
		SolutionGuid = {6CF2308B-65D0-40BC-BC18-76BE7374A208}
	EndGlobalSection
EndGlobal
